
Microsoft Visual Studio Solution File, Format Version 11.00
# Visual Studio 2010
Project("{FAE04EC0-301F-11D3-BF4B-00C04F79EFBC}") = "OrdersDemo", "OrdersDemo\OrdersDemo.csproj", "{DBC19252-84FA-4144-8B5C-269871846AA7}"
EndProject
Project("{FAE04EC0-301F-11D3-BF4B-00C04F79EFBC}") = "OrdersDemo.ServiceInterface", "OrdersDemo.ServiceInterface\OrdersDemo.ServiceInterface.csproj", "{D59BD603-2BE6-4ECA-A754-915ABDFC396C}"
EndProject
Project("{FAE04EC0-301F-11D3-BF4B-00C04F79EFBC}") = "OrdersDemo.ServiceModel", "OrdersDemo.ServiceModel\OrdersDemo.ServiceModel.csproj", "{A09AB2A9-6F1A-4C2E-A705-D99CFCF11DF9}"
EndProject
Global
	GlobalSection(SolutionConfigurationPlatforms) = preSolution
		Debug|Any CPU = Debug|Any CPU
		Debug|Mixed Platforms = Debug|Mixed Platforms
		Debug|x86 = Debug|x86
		Release|Any CPU = Release|Any CPU
		Release|Mixed Platforms = Release|Mixed Platforms
		Release|x86 = Release|x86
	EndGlobalSection
	GlobalSection(ProjectConfigurationPlatforms) = postSolution
		{DBC19252-84FA-4144-8B5C-269871846AA7}.Debug|Any CPU.ActiveCfg = Debug|Any CPU
		{DBC19252-84FA-4144-8B5C-269871846AA7}.Debug|Any CPU.Build.0 = Debug|Any CPU
		{DBC19252-84FA-4144-8B5C-269871846AA7}.Debug|Mixed Platforms.ActiveCfg = Debug|Any CPU
		{DBC19252-84FA-4144-8B5C-269871846AA7}.Debug|Mixed Platforms.Build.0 = Debug|Any CPU
		{DBC19252-84FA-4144-8B5C-269871846AA7}.Debug|x86.ActiveCfg = Debug|Any CPU
		{DBC19252-84FA-4144-8B5C-269871846AA7}.Release|Any CPU.ActiveCfg = Release|Any CPU
		{DBC19252-84FA-4144-8B5C-269871846AA7}.Release|Any CPU.Build.0 = Release|Any CPU
		{DBC19252-84FA-4144-8B5C-269871846AA7}.Release|Mixed Platforms.ActiveCfg = Release|Any CPU
		{DBC19252-84FA-4144-8B5C-269871846AA7}.Release|Mixed Platforms.Build.0 = Release|Any CPU
		{DBC19252-84FA-4144-8B5C-269871846AA7}.Release|x86.ActiveCfg = Release|Any CPU
		{D59BD603-2BE6-4ECA-A754-915ABDFC396C}.Debug|Any CPU.ActiveCfg = Debug|Any CPU
		{D59BD603-2BE6-4ECA-A754-915ABDFC396C}.Debug|Any CPU.Build.0 = Debug|Any CPU
		{D59BD603-2BE6-4ECA-A754-915ABDFC396C}.Debug|Mixed Platforms.ActiveCfg = Debug|Any CPU
		{D59BD603-2BE6-4ECA-A754-915ABDFC396C}.Debug|Mixed Platforms.Build.0 = Debug|Any CPU
		{D59BD603-2BE6-4ECA-A754-915ABDFC396C}.Debug|x86.ActiveCfg = Debug|Any CPU
		{D59BD603-2BE6-4ECA-A754-915ABDFC396C}.Release|Any CPU.ActiveCfg = Release|Any CPU
		{D59BD603-2BE6-4ECA-A754-915ABDFC396C}.Release|Any CPU.Build.0 = Release|Any CPU
		{D59BD603-2BE6-4ECA-A754-915ABDFC396C}.Release|Mixed Platforms.ActiveCfg = Release|Any CPU
		{D59BD603-2BE6-4ECA-A754-915ABDFC396C}.Release|Mixed Platforms.Build.0 = Release|Any CPU
		{D59BD603-2BE6-4ECA-A754-915ABDFC396C}.Release|x86.ActiveCfg = Release|Any CPU
		{A09AB2A9-6F1A-4C2E-A705-D99CFCF11DF9}.Debug|Any CPU.ActiveCfg = Debug|Any CPU
		{A09AB2A9-6F1A-4C2E-A705-D99CFCF11DF9}.Debug|Any CPU.Build.0 = Debug|Any CPU
		{A09AB2A9-6F1A-4C2E-A705-D99CFCF11DF9}.Debug|Mixed Platforms.ActiveCfg = Debug|Any CPU
		{A09AB2A9-6F1A-4C2E-A705-D99CFCF11DF9}.Debug|Mixed Platforms.Build.0 = Debug|Any CPU
		{A09AB2A9-6F1A-4C2E-A705-D99CFCF11DF9}.Debug|x86.ActiveCfg = Debug|Any CPU
		{A09AB2A9-6F1A-4C2E-A705-D99CFCF11DF9}.Release|Any CPU.ActiveCfg = Release|Any CPU
		{A09AB2A9-6F1A-4C2E-A705-D99CFCF11DF9}.Release|Any CPU.Build.0 = Release|Any CPU
		{A09AB2A9-6F1A-4C2E-A705-D99CFCF11DF9}.Release|Mixed Platforms.ActiveCfg = Release|Any CPU
		{A09AB2A9-6F1A-4C2E-A705-D99CFCF11DF9}.Release|Mixed Platforms.Build.0 = Release|Any CPU
		{A09AB2A9-6F1A-4C2E-A705-D99CFCF11DF9}.Release|x86.ActiveCfg = Release|Any CPU
	EndGlobalSection
	GlobalSection(SolutionProperties) = preSolution
		HideSolutionNode = FALSE
	EndGlobalSection
EndGlobal
